
Microsoft Visual Studio Solution File, Format Version 12.00
# Visual Studio Version 17
VisualStudioVersion = 17.6.33723.286
MinimumVisualStudioVersion = 10.0.40219.1
Project("{FAE04EC0-301F-11D3-BF4B-00C04F79EFBC}") = "Server", "Server.csproj", "{641461D9-EA0B-420F-AC08-BB79F9F27300}"
EndProject
Project("{FAE04EC0-301F-11D3-BF4B-00C04F79EFBC}") = "Display", "..\3. 키오스크 알림판\Display.csproj", "{B4BA5A25-6A90-43D1-B6E3-B65B858534BC}"
EndProject
Project("{FAE04EC0-301F-11D3-BF4B-00C04F79EFBC}") = "Customer", "..\2. 키오스크 고객\Customer.csproj", "{0A6AB8CB-B5C0-443D-880F-EB1A5592B570}"
EndProject
Global
	GlobalSection(SolutionConfigurationPlatforms) = preSolution
		Debug|Any CPU = Debug|Any CPU
		Release|Any CPU = Release|Any CPU
	EndGlobalSection
	GlobalSection(ProjectConfigurationPlatforms) = postSolution
		{641461D9-EA0B-420F-AC08-BB79F9F27300}.Debug|Any CPU.ActiveCfg = Debug|Any CPU
		{641461D9-EA0B-420F-AC08-BB79F9F27300}.Debug|Any CPU.Build.0 = Debug|Any CPU
		{641461D9-EA0B-420F-AC08-BB79F9F27300}.Release|Any CPU.ActiveCfg = Release|Any CPU
		{641461D9-EA0B-420F-AC08-BB79F9F27300}.Release|Any CPU.Build.0 = Release|Any CPU
		{B4BA5A25-6A90-43D1-B6E3-B65B858534BC}.Debug|Any CPU.ActiveCfg = Debug|Any CPU
		{B4BA5A25-6A90-43D1-B6E3-B65B858534BC}.Debug|Any CPU.Build.0 = Debug|Any CPU
		{B4BA5A25-6A90-43D1-B6E3-B65B858534BC}.Release|Any CPU.ActiveCfg = Release|Any CPU
		{B4BA5A25-6A90-43D1-B6E3-B65B858534BC}.Release|Any CPU.Build.0 = Release|Any CPU
		{0A6AB8CB-B5C0-443D-880F-EB1A5592B570}.Debug|Any CPU.ActiveCfg = Debug|Any CPU
		{0A6AB8CB-B5C0-443D-880F-EB1A5592B570}.Debug|Any CPU.Build.0 = Debug|Any CPU
		{0A6AB8CB-B5C0-443D-880F-EB1A5592B570}.Release|Any CPU.ActiveCfg = Release|Any CPU
		{0A6AB8CB-B5C0-443D-880F-EB1A5592B570}.Release|Any CPU.Build.0 = Release|Any CPU
	EndGlobalSection
	GlobalSection(SolutionProperties) = preSolution
		HideSolutionNode = FALSE
	EndGlobalSection
	GlobalSection(ExtensibilityGlobals) = postSolution
		SolutionGuid = {15846816-402E-4693-9C81-3DB17F7F47C6}
	EndGlobalSection
EndGlobal
